
Microsoft Visual Studio Solution File, Format Version 12.00
# Visual Studio Version 17
VisualStudioVersion = 17.4.33213.308
MinimumVisualStudioVersion = 10.0.40219.1
Project("{FAE04EC0-301F-11D3-BF4B-00C04F79EFBC}") = "WebApplication5", "WebApplication5\WebApplication5.csproj", "{9EF39864-DBC1-4BBA-97A4-F529D514AB7D}"
EndProject
Global
	GlobalSection(SolutionConfigurationPlatforms) = preSolution
		Debug|Any CPU = Debug|Any CPU
		Release|Any CPU = Release|Any CPU
	EndGlobalSection
	GlobalSection(ProjectConfigurationPlatforms) = postSolution
		{9EF39864-DBC1-4BBA-97A4-F529D514AB7D}.Debug|Any CPU.ActiveCfg = Debug|Any CPU
		{9EF39864-DBC1-4BBA-97A4-F529D514AB7D}.Debug|Any CPU.Build.0 = Debug|Any CPU
		{9EF39864-DBC1-4BBA-97A4-F529D514AB7D}.Release|Any CPU.ActiveCfg = Release|Any CPU
		{9EF39864-DBC1-4BBA-97A4-F529D514AB7D}.Release|Any CPU.Build.0 = Release|Any CPU
	EndGlobalSection
	GlobalSection(SolutionProperties) = preSolution
		HideSolutionNode = FALSE
	EndGlobalSection
	GlobalSection(ExtensibilityGlobals) = postSolution
		SolutionGuid = {0E3B8FEF-CD89-4E49-9EBB-48811EF8E922}
	EndGlobalSection
EndGlobal
